{
  "name": "@web-alchemy/fonttools",
  "version": "1.3.1",
  "lockfileVersion": 3,
  "requires": true,
  "packages": {
    "": {
      "name": "@web-alchemy/fonttools",
      "version": "1.3.1",
      "hasInstallScript": true,
      "dependencies": {
        "pyodide": "^0.27.1"
      },
      "bin": {
        "fonttools": "bin/fonttools",
        "pyftmerge": "bin/pyftmerge",
        "pyftsubset": "bin/pyftsubset",
        "ttx": "bin/ttx"
      },
      "engines": {
        "node": ">=18.0.0",
        "npm": ">=9.0.0"
      }
    },
    "node_modules/pyodide": {
      "version": "0.27.1",
      "resolved": "https://registry.npmjs.org/pyodide/-/pyodide-0.27.1.tgz",
      "integrity": "sha512-pVLXy+rZAtUG+AOZSl5Bluuuuk/BlfhsCoR9XngtdObV399f/tXZAbzL6peoWFBIekSL2CLBeRtRumh/RvSDww==",
      "license": "Apache-2.0",
      "dependencies": {
        "ws": "^8.5.0"
      },
      "engines": {
        "node": ">=18.0.0"
      }
    },
    "node_modules/ws": {
      "version": "8.18.0",
      "resolved": "https://registry.npmjs.org/ws/-/ws-8.18.0.tgz",
      "integrity": "sha512-8VbfWfHLbbwu3+N6OKsOMpBdT4kXPDDB9cJk2bJ6mh9ucxdlnNvH1e+roYkKmN9Nxw2yjz7VzeO9oOz2zJ04Pw==",
      "license": "MIT",
      "engines": {
        "node": ">=10.0.0"
      },
      "peerDependencies": {
        "bufferutil": "^4.0.1",
        "utf-8-validate": ">=5.0.2"
      },
      "peerDependenciesMeta": {
        "bufferutil": {
          "optional": true
        },
        "utf-8-validate": {
          "optional": true
        }
      }
    }
  }
}
